// !$*UTF8*$!
{
	archiveVersion = 1;
	classes = {
	};
	objectVersion = 50;
	objects = {

/* Begin PBXBuildFile section */
		6FEE12AA22ABE26700E41527 /* AppDelegate.swift in Sources */ = {isa = PBXBuildFile; fileRef = 6FEE12A922ABE26700E41527 /* AppDelegate.swift */; };
		6FEE12AC22ABE26700E41527 /* SceneDelegate.swift in Sources */ = {isa = PBXBuildFile; fileRef = 6FEE12AB22ABE26700E41527 /* SceneDelegate.swift */; };
		6FEE12AE22ABE26700E41527 /* ContentView.swift in Sources */ = {isa = PBXBuildFile; fileRef = 6FEE12AD22ABE26700E41527 /* ContentView.swift */; };
		6FEE12B022ABE26800E41527 /* Assets.xcassets in Resources */ = {isa = PBXBuildFile; fileRef = 6FEE12AF22ABE26800E41527 /* Assets.xcassets */; };
		6FEE12B322ABE26800E41527 /* Preview Assets.xcassets in Resources */ = {isa = PBXBuildFile; fileRef = 6FEE12B222ABE26800E41527 /* Preview Assets.xcassets */; };
		6FEE12B622ABE26800E41527 /* LaunchScreen.storyboard in Resources */ = {isa = PBXBuildFile; fileRef = 6FEE12B422ABE26800E41527 /* LaunchScreen.storyboard */; };
		6FEE12C022ABE28800E41527 /* Post.swift in Sources */ = {isa = PBXBuildFile; fileRef = 6FEE12BF22ABE28800E41527 /* Post.swift */; };
		6FEE12C222ABE29B00E41527 /* User.swift in Sources */ = {isa = PBXBuildFile; fileRef = 6FEE12C122ABE29B00E41527 /* User.swift */; };
		6FEE12C422ABE30100E41527 /* ContentPreview.swift in Sources */ = {isa = PBXBuildFile; fileRef = 6FEE12C322ABE30100E41527 /* ContentPreview.swift */; };
		6FEE12C922ABE87200E41527 /* PostCellView.swift in Sources */ = {isa = PBXBuildFile; fileRef = 6FEE12C822ABE87200E41527 /* PostCellView.swift */; };
		6FEE12CB22ABF30A00E41527 /* TrendingView.swift in Sources */ = {isa = PBXBuildFile; fileRef = 6FEE12CA22ABF30A00E41527 /* TrendingView.swift */; };
		6FEE12CD22ABF72D00E41527 /* Trending.swift in Sources */ = {isa = PBXBuildFile; fileRef = 6FEE12CC22ABF72D00E41527 /* Trending.swift */; };
/* End PBXBuildFile section */

/* Begin PBXFileReference section */
		6FEE12A622ABE26700E41527 /* Facebook-Feed-SwiftUI.app */ = {isa = PBXFileReference; explicitFileType = wrapper.application; includeInIndex = 0; path = "Facebook-Feed-SwiftUI.app"; sourceTree = BUILT_PRODUCTS_DIR; };
		6FEE12A922ABE26700E41527 /* AppDelegate.swift */ = {isa = PBXFileReference; lastKnownFileType = sourcecode.swift; path = AppDelegate.swift; sourceTree = "<group>"; };
		6FEE12AB22ABE26700E41527 /* SceneDelegate.swift */ = {isa = PBXFileReference; lastKnownFileType = sourcecode.swift; path = SceneDelegate.swift; sourceTree = "<group>"; };
		6FEE12AD22ABE26700E41527 /* ContentView.swift */ = {isa = PBXFileReference; lastKnownFileType = sourcecode.swift; path = ContentView.swift; sourceTree = "<group>"; };
		6FEE12AF22ABE26800E41527 /* Assets.xcassets */ = {isa = PBXFileReference; lastKnownFileType = folder.assetcatalog; path = Assets.xcassets; sourceTree = "<group>"; };
		6FEE12B222ABE26800E41527 /* Preview Assets.xcassets */ = {isa = PBXFileReference; lastKnownFileType = folder.assetcatalog; path = "Preview Assets.xcassets"; sourceTree = "<group>"; };
		6FEE12B522ABE26800E41527 /* Base */ = {isa = PBXFileReference; lastKnownFileType = file.storyboard; name = Base; path = Base.lproj/LaunchScreen.storyboard; sourceTree = "<group>"; };
		6FEE12B722ABE26800E41527 /* Info.plist */ = {isa = PBXFileReference; lastKnownFileType = text.plist.xml; path = Info.plist; sourceTree = "<group>"; };
		6FEE12BF22ABE28800E41527 /* Post.swift */ = {isa = PBXFileReference; lastKnownFileType = sourcecode.swift; path = Post.swift; sourceTree = "<group>"; };
		6FEE12C122ABE29B00E41527 /* User.swift */ = {isa = PBXFileReference; lastKnownFileType = sourcecode.swift; path = User.swift; sourceTree = "<group>"; };
		6FEE12C322ABE30100E41527 /* ContentPreview.swift */ = {isa = PBXFileReference; lastKnownFileType = sourcecode.swift; path = ContentPreview.swift; sourceTree = "<group>"; };
		6FEE12C822ABE87200E41527 /* PostCellView.swift */ = {isa = PBXFileReference; lastKnownFileType = sourcecode.swift; path = PostCellView.swift; sourceTree = "<group>"; };
		6FEE12CA22ABF30A00E41527 /* TrendingView.swift */ = {isa = PBXFileReference; lastKnownFileType = sourcecode.swift; path = TrendingView.swift; sourceTree = "<group>"; };
		6FEE12CC22ABF72D00E41527 /* Trending.swift */ = {isa = PBXFileReference; lastKnownFileType = sourcecode.swift; path = Trending.swift; sourceTree = "<group>"; };
/* End PBXFileReference section */

/* Begin PBXFrameworksBuildPhase section */
		6FEE12A322ABE26700E41527 /* Frameworks */ = {
			isa = PBXFrameworksBuildPhase;
			buildActionMask = 2147483647;
			files = (
			);
			runOnlyForDeploymentPostprocessing = 0;
		};
/* End PBXFrameworksBuildPhase section */

/* Begin PBXGroup section */
		6FEE129D22ABE26700E41527 = {
			isa = PBXGroup;
			children = (
				6FEE12A822ABE26700E41527 /* Facebook-Feed-SwiftUI */,
				6FEE12A722ABE26700E41527 /* Products */,
			);
			sourceTree = "<group>";
		};
		6FEE12A722ABE26700E41527 /* Products */ = {
			isa = PBXGroup;
			children = (
				6FEE12A622ABE26700E41527 /* Facebook-Feed-SwiftUI.app */,
			);
			name = Products;
			sourceTree = "<group>";
		};
		6FEE12A822ABE26700E41527 /* Facebook-Feed-SwiftUI */ = {
			isa = PBXGroup;
			children = (
				6FEE12C522ABE72900E41527 /* Views */,
				6FEE12BE22ABE28000E41527 /* Models */,
				6FEE12BD22ABE27600E41527 /* ContentPreview */,
				6FEE12A922ABE26700E41527 /* AppDelegate.swift */,
				6FEE12AB22ABE26700E41527 /* SceneDelegate.swift */,
				6FEE12AD22ABE26700E41527 /* ContentView.swift */,
				6FEE12AF22ABE26800E41527 /* Assets.xcassets */,
				6FEE12B422ABE26800E41527 /* LaunchScreen.storyboard */,
				6FEE12B722ABE26800E41527 /* Info.plist */,
				6FEE12B122ABE26800E41527 /* Preview Content */,
			);
			path = "Facebook-Feed-SwiftUI";
			sourceTree = "<group>";
		};
		6FEE12B122ABE26800E41527 /* Preview Content */ = {
			isa = PBXGroup;
			children = (
				6FEE12B222ABE26800E41527 /* Preview Assets.xcassets */,
			);
			path = "Preview Content";
			sourceTree = "<group>";
		};
		6FEE12BD22ABE27600E41527 /* ContentPreview */ = {
			isa = PBXGroup;
			children = (
				6FEE12C322ABE30100E41527 /* ContentPreview.swift */,
			);
			path = ContentPreview;
			sourceTree = "<group>";
		};
		6FEE12BE22ABE28000E41527 /* Models */ = {
			isa = PBXGroup;
			children = (
				6FEE12BF22ABE28800E41527 /* Post.swift */,
				6FEE12C122ABE29B00E41527 /* User.swift */,
				6FEE12CC22ABF72D00E41527 /* Trending.swift */,
			);
			path = Models;
			sourceTree = "<group>";
		};
		6FEE12C522ABE72900E41527 /* Views */ = {
			isa = PBXGroup;
			children = (
				6FEE12C822ABE87200E41527 /* PostCellView.swift */,
				6FEE12CA22ABF30A00E41527 /* TrendingView.swift */,
			);
			path = Views;
			sourceTree = "<group>";
		};
/* End PBXGroup section */

/* Begin PBXNativeTarget section */
		6FEE12A522ABE26700E41527 /* Facebook-Feed-SwiftUI */ = {
			isa = PBXNativeTarget;
			buildConfigurationList = 6FEE12BA22ABE26800E41527 /* Build configuration list for PBXNativeTarget "Facebook-Feed-SwiftUI" */;
			buildPhases = (
				6FEE12A222ABE26700E41527 /* Sources */,
				6FEE12A322ABE26700E41527 /* Frameworks */,
				6FEE12A422ABE26700E41527 /* Resources */,
			);
			buildRules = (
			);
			dependencies = (
			);
			name = "Facebook-Feed-SwiftUI";
			productName = "Facebook-Feed-SwiftUI";
			productReference = 6FEE12A622ABE26700E41527 /* Facebook-Feed-SwiftUI.app */;
			productType = "com.apple.product-type.application";
		};
/* End PBXNativeTarget section */

/* Begin PBXProject section */
		6FEE129E22ABE26700E41527 /* Project object */ = {
			isa = PBXProject;
			attributes = {
				LastSwiftUpdateCheck = 1100;
				LastUpgradeCheck = 1100;
				ORGANIZATIONNAME = antgar;
				TargetAttributes = {
					6FEE12A522ABE26700E41527 = {
						CreatedOnToolsVersion = 11.0;
					};
				};
			};
			buildConfigurationList = 6FEE12A122ABE26700E41527 /* Build configuration list for PBXProject "Facebook-Feed-SwiftUI" */;
			compatibilityVersion = "Xcode 9.3";
			developmentRegion = en;
			hasScannedForEncodings = 0;
			knownRegions = (
				en,
				Base,
			);
			mainGroup = 6FEE129D22ABE26700E41527;
			productRefGroup = 6FEE12A722ABE26700E41527 /* Products */;
			projectDirPath = "";
			projectRoot = "";
			targets = (
				6FEE12A522ABE26700E41527 /* Facebook-Feed-SwiftUI */,
			);
		};
/* End PBXProject section */

/* Begin PBXResourcesBuildPhase section */
		6FEE12A422ABE26700E41527 /* Resources */ = {
			isa = PBXResourcesBuildPhase;
			buildActionMask = 2147483647;
			files = (
				6FEE12B622ABE26800E41527 /* LaunchScreen.storyboard in Resources */,
				6FEE12B322ABE26800E41527 /* Preview Assets.xcassets in Resources */,
				6FEE12B022ABE26800E41527 /* Assets.xcassets in Resources */,
			);
			runOnlyForDeploymentPostprocessing = 0;
		};
/* End PBXResourcesBuildPhase section */

/* Begin PBXSourcesBuildPhase section */
		6FEE12A222ABE26700E41527 /* Sources */ = {
			isa = PBXSourcesBuildPhase;
			buildActionMask = 2147483647;
			files = (
				6FEE12C922ABE87200E41527 /* PostCellView.swift in Sources */,
				6FEE12C422ABE30100E41527 /* ContentPreview.swift in Sources */,
				6FEE12AA22ABE26700E41527 /* AppDelegate.swift in Sources */,
				6FEE12CD22ABF72D00E41527 /* Trending.swift in Sources */,
				6FEE12CB22ABF30A00E41527 /* TrendingView.swift in Sources */,
				6FEE12AC22ABE26700E41527 /* SceneDelegate.swift in Sources */,
				6FEE12AE22ABE26700E41527 /* ContentView.swift in Sources */,
				6FEE12C222ABE29B00E41527 /* User.swift in Sources */,
				6FEE12C022ABE28800E41527 /* Post.swift in Sources */,
			);
			runOnlyForDeploymentPostprocessing = 0;
		};
/* End PBXSourcesBuildPhase section */

/* Begin PBXVariantGroup section */
		6FEE12B422ABE26800E41527 /* LaunchScreen.storyboard */ = {
			isa = PBXVariantGroup;
			children = (
				6FEE12B522ABE26800E41527 /* Base */,
			);
			name = LaunchScreen.storyboard;
			sourceTree = "<group>";
		};
/* End PBXVariantGroup section */

/* Begin XCBuildConfiguration section */
		6FEE12B822ABE26800E41527 /* Debug */ = {
			isa = XCBuildConfiguration;
			buildSettings = {
				ALWAYS_SEARCH_USER_PATHS = NO;
				CLANG_ANALYZER_NONNULL = YES;
				CLANG_ANALYZER_NUMBER_OBJECT_CONVERSION = YES_AGGRESSIVE;
				CLANG_CXX_LANGUAGE_STANDARD = "gnu++14";
				CLANG_CXX_LIBRARY = "libc++";
				CLANG_ENABLE_MODULES = YES;
				CLANG_ENABLE_OBJC_ARC = YES;
				CLANG_ENABLE_OBJC_WEAK = YES;
				CLANG_WARN_BLOCK_CAPTURE_AUTORELEASING = YES;
				CLANG_WARN_BOOL_CONVERSION = YES;
				CLANG_WARN_COMMA = YES;
				CLANG_WARN_CONSTANT_CONVERSION = YES;
				CLANG_WARN_DEPRECATED_OBJC_IMPLEMENTATIONS = YES;
				CLANG_WARN_DIRECT_OBJC_ISA_USAGE = YES_ERROR;
				CLANG_WARN_DOCUMENTATION_COMMENTS = YES;
				CLANG_WARN_EMPTY_BODY = YES;
				CLANG_WARN_ENUM_CONVERSION = YES;
				CLANG_WARN_INFINITE_RECURSION = YES;
				CLANG_WARN_INT_CONVERSION = YES;
				CLANG_WARN_NON_LITERAL_NULL_CONVERSION = YES;
				CLANG_WARN_OBJC_IMPLICIT_RETAIN_SELF = YES;
				CLANG_WARN_OBJC_LITERAL_CONVERSION = YES;
				CLANG_WARN_OBJC_ROOT_CLASS = YES_ERROR;
				CLANG_WARN_RANGE_LOOP_ANALYSIS = YES;
				CLANG_WARN_STRICT_PROTOTYPES = YES;
				CLANG_WARN_SUSPICIOUS_MOVE = YES;
				CLANG_WARN_UNGUARDED_AVAILABILITY = YES_AGGRESSIVE;
				CLANG_WARN_UNREACHABLE_CODE = YES;
				CLANG_WARN__DUPLICATE_METHOD_MATCH = YES;
				COPY_PHASE_STRIP = NO;
				DEBUG_INFORMATION_FORMAT = dwarf;
				ENABLE_STRICT_OBJC_MSGSEND = YES;
				ENABLE_TESTABILITY = YES;
				GCC_C_LANGUAGE_STANDARD = gnu11;
				GCC_DYNAMIC_NO_PIC = NO;
				GCC_NO_COMMON_BLOCKS = YES;
				GCC_OPTIMIZATION_LEVEL = 0;
				GCC_PREPROCESSOR_DEFINITIONS = (
					"DEBUG=1",
					"$(inherited)",
				);
				GCC_WARN_64_TO_32_BIT_CONVERSION = YES;
				GCC_WARN_ABOUT_RETURN_TYPE = YES_ERROR;
				GCC_WARN_UNDECLARED_SELECTOR = YES;
				GCC_WARN_UNINITIALIZED_AUTOS = YES_AGGRESSIVE;
				GCC_WARN_UNUSED_FUNCTION = YES;
				GCC_WARN_UNUSED_VARIABLE = YES;
				IPHONEOS_DEPLOYMENT_TARGET = 13.0;
				MTL_ENABLE_DEBUG_INFO = INCLUDE_SOURCE;
				MTL_FAST_MATH = YES;
				ONLY_ACTIVE_ARCH = YES;
				SDKROOT = iphoneos;
				SWIFT_ACTIVE_COMPILATION_CONDITIONS = DEBUG;
				SWIFT_OPTIMIZATION_LEVEL = "-Onone";
			};
			name = Debug;
		};
		6FEE12B922ABE26800E41527 /* Release */ = {
			isa = XCBuildConfiguration;
			buildSettings = {
				ALWAYS_SEARCH_USER_PATHS = NO;
				CLANG_ANALYZER_NONNULL = YES;
				CLANG_ANALYZER_NUMBER_OBJECT_CONVERSION = YES_AGGRESSIVE;
				CLANG_CXX_LANGUAGE_STANDARD = "gnu++14";
				CLANG_CXX_LIBRARY = "libc++";
				CLANG_ENABLE_MODULES = YES;
				CLANG_ENABLE_OBJC_ARC = YES;
				CLANG_ENABLE_OBJC_WEAK = YES;
				CLANG_WARN_BLOCK_CAPTURE_AUTORELEASING = YES;
				CLANG_WARN_BOOL_CONVERSION = YES;
				CLANG_WARN_COMMA = YES;
				CLANG_WARN_CONSTANT_CONVERSION = YES;
				CLANG_WARN_DEPRECATED_OBJC_IMPLEMENTATIONS = YES;
				CLANG_WARN_DIRECT_OBJC_ISA_USAGE = YES_ERROR;
				CLANG_WARN_DOCUMENTATION_COMMENTS = YES;
				CLANG_WARN_EMPTY_BODY = YES;
				CLANG_WARN_ENUM_CONVERSION = YES;
				CLANG_WARN_INFINITE_RECURSION = YES;
				CLANG_WARN_INT_CONVERSION = YES;
				CLANG_WARN_NON_LITERAL_NULL_CONVERSION = YES;
				CLANG_WARN_OBJC_IMPLICIT_RETAIN_SELF = YES;
				CLANG_WARN_OBJC_LITERAL_CONVERSION = YES;
				CLANG_WARN_OBJC_ROOT_CLASS = YES_ERROR;
				CLANG_WARN_RANGE_LOOP_ANALYSIS = YES;
				CLANG_WARN_STRICT_PROTOTYPES = YES;
				CLANG_WARN_SUSPICIOUS_MOVE = YES;
				CLANG_WARN_UNGUARDED_AVAILABILITY = YES_AGGRESSIVE;
				CLANG_WARN_UNREACHABLE_CODE = YES;
				CLANG_WARN__DUPLICATE_METHOD_MATCH = YES;
				COPY_PHASE_STRIP = NO;
				DEBUG_INFORMATION_FORMAT = "dwarf-with-dsym";
				ENABLE_NS_ASSERTIONS = NO;
				ENABLE_STRICT_OBJC_MSGSEND = YES;
				GCC_C_LANGUAGE_STANDARD = gnu11;
				GCC_NO_COMMON_BLOCKS = YES;
				GCC_WARN_64_TO_32_BIT_CONVERSION = YES;
				GCC_WARN_ABOUT_RETURN_TYPE = YES_ERROR;
				GCC_WARN_UNDECLARED_SELECTOR = YES;
				GCC_WARN_UNINITIALIZED_AUTOS = YES_AGGRESSIVE;
				GCC_WARN_UNUSED_FUNCTION = YES;
				GCC_WARN_UNUSED_VARIABLE = YES;
				IPHONEOS_DEPLOYMENT_TARGET = 13.0;
				MTL_ENABLE_DEBUG_INFO = NO;
				MTL_FAST_MATH = YES;
				SDKROOT = iphoneos;
				SWIFT_COMPILATION_MODE = wholemodule;
				SWIFT_OPTIMIZATION_LEVEL = "-O";
				VALIDATE_PRODUCT = YES;
			};
			name = Release;
		};
		6FEE12BB22ABE26800E41527 /* Debug */ = {
			isa = XCBuildConfiguration;
			buildSettings = {
				ASSETCATALOG_COMPILER_APPICON_NAME = AppIcon;
				CODE_SIGN_STYLE = Automatic;
				DEVELOPMENT_ASSET_PATHS = "Facebook-Feed-SwiftUI/Preview\\ Content";
				ENABLE_PREVIEWS = YES;
				INFOPLIST_FILE = "Facebook-Feed-SwiftUI/Info.plist";
				LD_RUNPATH_SEARCH_PATHS = (
					"$(inherited)",
					"@executable_path/Frameworks",
				);
				PRODUCT_BUNDLE_IDENTIFIER = "antgar.Facebook-Feed-SwiftUI";
				PRODUCT_NAME = "$(TARGET_NAME)";
				SWIFT_VERSION = 5.0;
				TARGETED_DEVICE_FAMILY = "1,2";
			};
			name = Debug;
		};
		6FEE12BC22ABE26800E41527 /* Release */ = {
			isa = XCBuildConfiguration;
			buildSettings = {
				ASSETCATALOG_COMPILER_APPICON_NAME = AppIcon;
				CODE_SIGN_STYLE = Automatic;
				DEVELOPMENT_ASSET_PATHS = "Facebook-Feed-SwiftUI/Preview\\ Content";
				ENABLE_PREVIEWS = YES;
				INFOPLIST_FILE = "Facebook-Feed-SwiftUI/Info.plist";
				LD_RUNPATH_SEARCH_PATHS = (
					"$(inherited)",
					"@executable_path/Frameworks",
				);
				PRODUCT_BUNDLE_IDENTIFIER = "antgar.Facebook-Feed-SwiftUI";
				PRODUCT_NAME = "$(TARGET_NAME)";
				SWIFT_VERSION = 5.0;
				TARGETED_DEVICE_FAMILY = "1,2";
			};
			name = Release;
		};
/* End XCBuildConfiguration section */

/* Begin XCConfigurationList section */
		6FEE12A122ABE26700E41527 /* Build configuration list for PBXProject "Facebook-Feed-SwiftUI" */ = {
			isa = XCConfigurationList;
			buildConfigurations = (
				6FEE12B822ABE26800E41527 /* Debug */,
				6FEE12B922ABE26800E41527 /* Release */,
			);
			defaultConfigurationIsVisible = 0;
			defaultConfigurationName = Release;
		};
		6FEE12BA22ABE26800E41527 /* Build configuration list for PBXNativeTarget "Facebook-Feed-SwiftUI" */ = {
			isa = XCConfigurationList;
			buildConfigurations = (
				6FEE12BB22ABE26800E41527 /* Debug */,
				6FEE12BC22ABE26800E41527 /* Release */,
			);
			defaultConfigurationIsVisible = 0;
			defaultConfigurationName = Release;
		};
/* End XCConfigurationList section */
	};
	rootObject = 6FEE129E22ABE26700E41527 /* Project object */;
}
